// !$*UTF8*$!
{
	archiveVersion = 1;
	classes = {
	};
	objectVersion = 50;
	objects = {

/* Begin PBXBuildFile section */
		04A7F2E6253A94490028E12D /* AppDelegate.swift in Sources */ = {isa = PBXBuildFile; fileRef = 04A7F2E5253A94490028E12D /* AppDelegate.swift */; };
		04A7F2E8253A94490028E12D /* SceneDelegate.swift in Sources */ = {isa = PBXBuildFile; fileRef = 04A7F2E7253A94490028E12D /* SceneDelegate.swift */; };
		04A7F2EA253A94490028E12D /* ViewController.swift in Sources */ = {isa = PBXBuildFile; fileRef = 04A7F2E9253A94490028E12D /* ViewController.swift */; };
		04A7F2ED253A94490028E12D /* Main.storyboard in Resources */ = {isa = PBXBuildFile; fileRef = 04A7F2EB253A94490028E12D /* Main.storyboard */; };
		04A7F2EF253A944B0028E12D /* Assets.xcassets in Resources */ = {isa = PBXBuildFile; fileRef = 04A7F2EE253A944B0028E12D /* Assets.xcassets */; };
		04A7F2F2253A944B0028E12D /* LaunchScreen.storyboard in Resources */ = {isa = PBXBuildFile; fileRef = 04A7F2F0253A944B0028E12D /* LaunchScreen.storyboard */; };
		04A7F2FD253A944B0028E12D /* PhotoCollectionMyTests.swift in Sources */ = {isa = PBXBuildFile; fileRef = 04A7F2FC253A944B0028E12D /* PhotoCollectionMyTests.swift */; };
		04A7F308253A944B0028E12D /* PhotoCollectionMyUITests.swift in Sources */ = {isa = PBXBuildFile; fileRef = 04A7F307253A944B0028E12D /* PhotoCollectionMyUITests.swift */; };
		04A7F316253A950C0028E12D /* PhotoCollectionViewCell.swift in Sources */ = {isa = PBXBuildFile; fileRef = 04A7F315253A950C0028E12D /* PhotoCollectionViewCell.swift */; };
/* End PBXBuildFile section */

/* Begin PBXContainerItemProxy section */
		04A7F2F9253A944B0028E12D /* PBXContainerItemProxy */ = {
			isa = PBXContainerItemProxy;
			containerPortal = 04A7F2DA253A94490028E12D /* Project object */;
			proxyType = 1;
			remoteGlobalIDString = 04A7F2E1253A94490028E12D;
			remoteInfo = PhotoCollectionMy;
		};
		04A7F304253A944B0028E12D /* PBXContainerItemProxy */ = {
			isa = PBXContainerItemProxy;
			containerPortal = 04A7F2DA253A94490028E12D /* Project object */;
			proxyType = 1;
			remoteGlobalIDString = 04A7F2E1253A94490028E12D;
			remoteInfo = PhotoCollectionMy;
		};
/* End PBXContainerItemProxy section */

/* Begin PBXFileReference section */
		04A7F2E2253A94490028E12D /* PhotoCollectionMy.app */ = {isa = PBXFileReference; explicitFileType = wrapper.application; includeInIndex = 0; path = PhotoCollectionMy.app; sourceTree = BUILT_PRODUCTS_DIR; };
		04A7F2E5253A94490028E12D /* AppDelegate.swift */ = {isa = PBXFileReference; lastKnownFileType = sourcecode.swift; path = AppDelegate.swift; sourceTree = "<group>"; };
		04A7F2E7253A94490028E12D /* SceneDelegate.swift */ = {isa = PBXFileReference; lastKnownFileType = sourcecode.swift; path = SceneDelegate.swift; sourceTree = "<group>"; };
		04A7F2E9253A94490028E12D /* ViewController.swift */ = {isa = PBXFileReference; lastKnownFileType = sourcecode.swift; path = ViewController.swift; sourceTree = "<group>"; };
		04A7F2EC253A94490028E12D /* Base */ = {isa = PBXFileReference; lastKnownFileType = file.storyboard; name = Base; path = Base.lproj/Main.storyboard; sourceTree = "<group>"; };
		04A7F2EE253A944B0028E12D /* Assets.xcassets */ = {isa = PBXFileReference; lastKnownFileType = folder.assetcatalog; path = Assets.xcassets; sourceTree = "<group>"; };
		04A7F2F1253A944B0028E12D /* Base */ = {isa = PBXFileReference; lastKnownFileType = file.storyboard; name = Base; path = Base.lproj/LaunchScreen.storyboard; sourceTree = "<group>"; };
		04A7F2F3253A944B0028E12D /* Info.plist */ = {isa = PBXFileReference; lastKnownFileType = text.plist.xml; path = Info.plist; sourceTree = "<group>"; };
		04A7F2F8253A944B0028E12D /* PhotoCollectionMyTests.xctest */ = {isa = PBXFileReference; explicitFileType = wrapper.cfbundle; includeInIndex = 0; path = PhotoCollectionMyTests.xctest; sourceTree = BUILT_PRODUCTS_DIR; };
		04A7F2FC253A944B0028E12D /* PhotoCollectionMyTests.swift */ = {isa = PBXFileReference; lastKnownFileType = sourcecode.swift; path = PhotoCollectionMyTests.swift; sourceTree = "<group>"; };
		04A7F2FE253A944B0028E12D /* Info.plist */ = {isa = PBXFileReference; lastKnownFileType = text.plist.xml; path = Info.plist; sourceTree = "<group>"; };
		04A7F303253A944B0028E12D /* PhotoCollectionMyUITests.xctest */ = {isa = PBXFileReference; explicitFileType = wrapper.cfbundle; includeInIndex = 0; path = PhotoCollectionMyUITests.xctest; sourceTree = BUILT_PRODUCTS_DIR; };
		04A7F307253A944B0028E12D /* PhotoCollectionMyUITests.swift */ = {isa = PBXFileReference; lastKnownFileType = sourcecode.swift; path = PhotoCollectionMyUITests.swift; sourceTree = "<group>"; };
		04A7F309253A944C0028E12D /* Info.plist */ = {isa = PBXFileReference; lastKnownFileType = text.plist.xml; path = Info.plist; sourceTree = "<group>"; };
		04A7F315253A950C0028E12D /* PhotoCollectionViewCell.swift */ = {isa = PBXFileReference; lastKnownFileType = sourcecode.swift; path = PhotoCollectionViewCell.swift; sourceTree = "<group>"; };
/* End PBXFileReference section */

/* Begin PBXFrameworksBuildPhase section */
		04A7F2DF253A94490028E12D /* Frameworks */ = {
			isa = PBXFrameworksBuildPhase;
			buildActionMask = 2147483647;
			files = (
			);
			runOnlyForDeploymentPostprocessing = 0;
		};
		04A7F2F5253A944B0028E12D /* Frameworks */ = {
			isa = PBXFrameworksBuildPhase;
			buildActionMask = 2147483647;
			files = (
			);
			runOnlyForDeploymentPostprocessing = 0;
		};
		04A7F300253A944B0028E12D /* Frameworks */ = {
			isa = PBXFrameworksBuildPhase;
			buildActionMask = 2147483647;
			files = (
			);
			runOnlyForDeploymentPostprocessing = 0;
		};
/* End PBXFrameworksBuildPhase section */

/* Begin PBXGroup section */
		04A7F2D9253A94490028E12D = {
			isa = PBXGroup;
			children = (
				04A7F2E4253A94490028E12D /* PhotoCollectionMy */,
				04A7F2FB253A944B0028E12D /* PhotoCollectionMyTests */,
				04A7F306253A944B0028E12D /* PhotoCollectionMyUITests */,
				04A7F2E3253A94490028E12D /* Products */,
			);
			sourceTree = "<group>";
		};
		04A7F2E3253A94490028E12D /* Products */ = {
			isa = PBXGroup;
			children = (
				04A7F2E2253A94490028E12D /* PhotoCollectionMy.app */,
				04A7F2F8253A944B0028E12D /* PhotoCollectionMyTests.xctest */,
				04A7F303253A944B0028E12D /* PhotoCollectionMyUITests.xctest */,
			);
			name = Products;
			sourceTree = "<group>";
		};
		04A7F2E4253A94490028E12D /* PhotoCollectionMy */ = {
			isa = PBXGroup;
			children = (
				04A7F2E5253A94490028E12D /* AppDelegate.swift */,
				04A7F2E7253A94490028E12D /* SceneDelegate.swift */,
				04A7F2E9253A94490028E12D /* ViewController.swift */,
				04A7F2EB253A94490028E12D /* Main.storyboard */,
				04A7F2EE253A944B0028E12D /* Assets.xcassets */,
				04A7F2F0253A944B0028E12D /* LaunchScreen.storyboard */,
				04A7F2F3253A944B0028E12D /* Info.plist */,
				04A7F315253A950C0028E12D /* PhotoCollectionViewCell.swift */,
			);
			path = PhotoCollectionMy;
			sourceTree = "<group>";
		};
		04A7F2FB253A944B0028E12D /* PhotoCollectionMyTests */ = {
			isa = PBXGroup;
			children = (
				04A7F2FC253A944B0028E12D /* PhotoCollectionMyTests.swift */,
				04A7F2FE253A944B0028E12D /* Info.plist */,
			);
			path = PhotoCollectionMyTests;
			sourceTree = "<group>";
		};
		04A7F306253A944B0028E12D /* PhotoCollectionMyUITests */ = {
			isa = PBXGroup;
			children = (
				04A7F307253A944B0028E12D /* PhotoCollectionMyUITests.swift */,
				04A7F309253A944C0028E12D /* Info.plist */,
			);
			path = PhotoCollectionMyUITests;
			sourceTree = "<group>";
		};
/* End PBXGroup section */

/* Begin PBXNativeTarget section */
		04A7F2E1253A94490028E12D /* PhotoCollectionMy */ = {
			isa = PBXNativeTarget;
			buildConfigurationList = 04A7F30C253A944C0028E12D /* Build configuration list for PBXNativeTarget "PhotoCollectionMy" */;
			buildPhases = (
				04A7F2DE253A94490028E12D /* Sources */,
				04A7F2DF253A94490028E12D /* Frameworks */,
				04A7F2E0253A94490028E12D /* Resources */,
			);
			buildRules = (
			);
			dependencies = (
			);
			name = PhotoCollectionMy;
			productName = PhotoCollectionMy;
			productReference = 04A7F2E2253A94490028E12D /* PhotoCollectionMy.app */;
			productType = "com.apple.product-type.application";
		};
		04A7F2F7253A944B0028E12D /* PhotoCollectionMyTests */ = {
			isa = PBXNativeTarget;
			buildConfigurationList = 04A7F30F253A944C0028E12D /* Build configuration list for PBXNativeTarget "PhotoCollectionMyTests" */;
			buildPhases = (
				04A7F2F4253A944B0028E12D /* Sources */,
				04A7F2F5253A944B0028E12D /* Frameworks */,
				04A7F2F6253A944B0028E12D /* Resources */,
			);
			buildRules = (
			);
			dependencies = (
				04A7F2FA253A944B0028E12D /* PBXTargetDependency */,
			);
			name = PhotoCollectionMyTests;
			productName = PhotoCollectionMyTests;
			productReference = 04A7F2F8253A944B0028E12D /* PhotoCollectionMyTests.xctest */;
			productType = "com.apple.product-type.bundle.unit-test";
		};
		04A7F302253A944B0028E12D /* PhotoCollectionMyUITests */ = {
			isa = PBXNativeTarget;
			buildConfigurationList = 04A7F312253A944C0028E12D /* Build configuration list for PBXNativeTarget "PhotoCollectionMyUITests" */;
			buildPhases = (
				04A7F2FF253A944B0028E12D /* Sources */,
				04A7F300253A944B0028E12D /* Frameworks */,
				04A7F301253A944B0028E12D /* Resources */,
			);
			buildRules = (
			);
			dependencies = (
				04A7F305253A944B0028E12D /* PBXTargetDependency */,
			);
			name = PhotoCollectionMyUITests;
			productName = PhotoCollectionMyUITests;
			productReference = 04A7F303253A944B0028E12D /* PhotoCollectionMyUITests.xctest */;
			productType = "com.apple.product-type.bundle.ui-testing";
		};
/* End PBXNativeTarget section */

/* Begin PBXProject section */
		04A7F2DA253A94490028E12D /* Project object */ = {
			isa = PBXProject;
			attributes = {
				LastSwiftUpdateCheck = 1130;
				LastUpgradeCheck = 1130;
				ORGANIZATIONNAME = Dashu;
				TargetAttributes = {
					04A7F2E1253A94490028E12D = {
						CreatedOnToolsVersion = 11.3;
					};
					04A7F2F7253A944B0028E12D = {
						CreatedOnToolsVersion = 11.3;
						TestTargetID = 04A7F2E1253A94490028E12D;
					};
					04A7F302253A944B0028E12D = {
						CreatedOnToolsVersion = 11.3;
						TestTargetID = 04A7F2E1253A94490028E12D;
					};
				};
			};
			buildConfigurationList = 04A7F2DD253A94490028E12D /* Build configuration list for PBXProject "PhotoCollectionMy" */;
			compatibilityVersion = "Xcode 9.3";
			developmentRegion = en;
			hasScannedForEncodings = 0;
			knownRegions = (
				en,
				Base,
			);
			mainGroup = 04A7F2D9253A94490028E12D;
			productRefGroup = 04A7F2E3253A94490028E12D /* Products */;
			projectDirPath = "";
			projectRoot = "";
			targets = (
				04A7F2E1253A94490028E12D /* PhotoCollectionMy */,
				04A7F2F7253A944B0028E12D /* PhotoCollectionMyTests */,
				04A7F302253A944B0028E12D /* PhotoCollectionMyUITests */,
			);
		};
/* End PBXProject section */

/* Begin PBXResourcesBuildPhase section */
		04A7F2E0253A94490028E12D /* Resources */ = {
			isa = PBXResourcesBuildPhase;
			buildActionMask = 2147483647;
			files = (
				04A7F2F2253A944B0028E12D /* LaunchScreen.storyboard in Resources */,
				04A7F2EF253A944B0028E12D /* Assets.xcassets in Resources */,
				04A7F2ED253A94490028E12D /* Main.storyboard in Resources */,
			);
			runOnlyForDeploymentPostprocessing = 0;
		};
		04A7F2F6253A944B0028E12D /* Resources */ = {
			isa = PBXResourcesBuildPhase;
			buildActionMask = 2147483647;
			files = (
			);
			runOnlyForDeploymentPostprocessing = 0;
		};
		04A7F301253A944B0028E12D /* Resources */ = {
			isa = PBXResourcesBuildPhase;
			buildActionMask = 2147483647;
			files = (
			);
			runOnlyForDeploymentPostprocessing = 0;
		};
/* End PBXResourcesBuildPhase section */

/* Begin PBXSourcesBuildPhase section */
		04A7F2DE253A94490028E12D /* Sources */ = {
			isa = PBXSourcesBuildPhase;
			buildActionMask = 2147483647;
			files = (
				04A7F2EA253A94490028E12D /* ViewController.swift in Sources */,
				04A7F316253A950C0028E12D /* PhotoCollectionViewCell.swift in Sources */,
				04A7F2E6253A94490028E12D /* AppDelegate.swift in Sources */,
				04A7F2E8253A94490028E12D /* SceneDelegate.swift in Sources */,
			);
			runOnlyForDeploymentPostprocessing = 0;
		};
		04A7F2F4253A944B0028E12D /* Sources */ = {
			isa = PBXSourcesBuildPhase;
			buildActionMask = 2147483647;
			files = (
				04A7F2FD253A944B0028E12D /* PhotoCollectionMyTests.swift in Sources */,
			);
			runOnlyForDeploymentPostprocessing = 0;
		};
		04A7F2FF253A944B0028E12D /* Sources */ = {
			isa = PBXSourcesBuildPhase;
			buildActionMask = 2147483647;
			files = (
				04A7F308253A944B0028E12D /* PhotoCollectionMyUITests.swift in Sources */,
			);
			runOnlyForDeploymentPostprocessing = 0;
		};
/* End PBXSourcesBuildPhase section */

/* Begin PBXTargetDependency section */
		04A7F2FA253A944B0028E12D /* PBXTargetDependency */ = {
			isa = PBXTargetDependency;
			target = 04A7F2E1253A94490028E12D /* PhotoCollectionMy */;
			targetProxy = 04A7F2F9253A944B0028E12D /* PBXContainerItemProxy */;
		};
		04A7F305253A944B0028E12D /* PBXTargetDependency */ = {
			isa = PBXTargetDependency;
			target = 04A7F2E1253A94490028E12D /* PhotoCollectionMy */;
			targetProxy = 04A7F304253A944B0028E12D /* PBXContainerItemProxy */;
		};
/* End PBXTargetDependency section */

/* Begin PBXVariantGroup section */
		04A7F2EB253A94490028E12D /* Main.storyboard */ = {
			isa = PBXVariantGroup;
			children = (
				04A7F2EC253A94490028E12D /* Base */,
			);
			name = Main.storyboard;
			sourceTree = "<group>";
		};
		04A7F2F0253A944B0028E12D /* LaunchScreen.storyboard */ = {
			isa = PBXVariantGroup;
			children = (
				04A7F2F1253A944B0028E12D /* Base */,
			);
			name = LaunchScreen.storyboard;
			sourceTree = "<group>";
		};
/* End PBXVariantGroup section */

/* Begin XCBuildConfiguration section */
		04A7F30A253A944C0028E12D /* Debug */ = {
			isa = XCBuildConfiguration;
			buildSettings = {
				ALWAYS_SEARCH_USER_PATHS = NO;
				CLANG_ANALYZER_NONNULL = YES;
				CLANG_ANALYZER_NUMBER_OBJECT_CONVERSION = YES_AGGRESSIVE;
				CLANG_CXX_LANGUAGE_STANDARD = "gnu++14";
				CLANG_CXX_LIBRARY = "libc++";
				CLANG_ENABLE_MODULES = YES;
				CLANG_ENABLE_OBJC_ARC = YES;
				CLANG_ENABLE_OBJC_WEAK = YES;
				CLANG_WARN_BLOCK_CAPTURE_AUTORELEASING = YES;
				CLANG_WARN_BOOL_CONVERSION = YES;
				CLANG_WARN_COMMA = YES;
				CLANG_WARN_CONSTANT_CONVERSION = YES;
				CLANG_WARN_DEPRECATED_OBJC_IMPLEMENTATIONS = YES;
				CLANG_WARN_DIRECT_OBJC_ISA_USAGE = YES_ERROR;
				CLANG_WARN_DOCUMENTATION_COMMENTS = YES;
				CLANG_WARN_EMPTY_BODY = YES;
				CLANG_WARN_ENUM_CONVERSION = YES;
				CLANG_WARN_INFINITE_RECURSION = YES;
				CLANG_WARN_INT_CONVERSION = YES;
				CLANG_WARN_NON_LITERAL_NULL_CONVERSION = YES;
				CLANG_WARN_OBJC_IMPLICIT_RETAIN_SELF = YES;
				CLANG_WARN_OBJC_LITERAL_CONVERSION = YES;
				CLANG_WARN_OBJC_ROOT_CLASS = YES_ERROR;
				CLANG_WARN_RANGE_LOOP_ANALYSIS = YES;
				CLANG_WARN_STRICT_PROTOTYPES = YES;
				CLANG_WARN_SUSPICIOUS_MOVE = YES;
				CLANG_WARN_UNGUARDED_AVAILABILITY = YES_AGGRESSIVE;
				CLANG_WARN_UNREACHABLE_CODE = YES;
				CLANG_WARN__DUPLICATE_METHOD_MATCH = YES;
				COPY_PHASE_STRIP = NO;
				DEBUG_INFORMATION_FORMAT = dwarf;
				ENABLE_STRICT_OBJC_MSGSEND = YES;
				ENABLE_TESTABILITY = YES;
				GCC_C_LANGUAGE_STANDARD = gnu11;
				GCC_DYNAMIC_NO_PIC = NO;
				GCC_NO_COMMON_BLOCKS = YES;
				GCC_OPTIMIZATION_LEVEL = 0;
				GCC_PREPROCESSOR_DEFINITIONS = (
					"DEBUG=1",
					"$(inherited)",
				);
				GCC_WARN_64_TO_32_BIT_CONVERSION = YES;
				GCC_WARN_ABOUT_RETURN_TYPE = YES_ERROR;
				GCC_WARN_UNDECLARED_SELECTOR = YES;
				GCC_WARN_UNINITIALIZED_AUTOS = YES_AGGRESSIVE;
				GCC_WARN_UNUSED_FUNCTION = YES;
				GCC_WARN_UNUSED_VARIABLE = YES;
				IPHONEOS_DEPLOYMENT_TARGET = 13.2;
				MTL_ENABLE_DEBUG_INFO = INCLUDE_SOURCE;
				MTL_FAST_MATH = YES;
				ONLY_ACTIVE_ARCH = YES;
				SDKROOT = iphoneos;
				SWIFT_ACTIVE_COMPILATION_CONDITIONS = DEBUG;
				SWIFT_OPTIMIZATION_LEVEL = "-Onone";
			};
			name = Debug;
		};
		04A7F30B253A944C0028E12D /* Release */ = {
			isa = XCBuildConfiguration;
			buildSettings = {
				ALWAYS_SEARCH_USER_PATHS = NO;
				CLANG_ANALYZER_NONNULL = YES;
				CLANG_ANALYZER_NUMBER_OBJECT_CONVERSION = YES_AGGRESSIVE;
				CLANG_CXX_LANGUAGE_STANDARD = "gnu++14";
				CLANG_CXX_LIBRARY = "libc++";
				CLANG_ENABLE_MODULES = YES;
				CLANG_ENABLE_OBJC_ARC = YES;
				CLANG_ENABLE_OBJC_WEAK = YES;
				CLANG_WARN_BLOCK_CAPTURE_AUTORELEASING = YES;
				CLANG_WARN_BOOL_CONVERSION = YES;
				CLANG_WARN_COMMA = YES;
				CLANG_WARN_CONSTANT_CONVERSION = YES;
				CLANG_WARN_DEPRECATED_OBJC_IMPLEMENTATIONS = YES;
				CLANG_WARN_DIRECT_OBJC_ISA_USAGE = YES_ERROR;
				CLANG_WARN_DOCUMENTATION_COMMENTS = YES;
				CLANG_WARN_EMPTY_BODY = YES;
				CLANG_WARN_ENUM_CONVERSION = YES;
				CLANG_WARN_INFINITE_RECURSION = YES;
				CLANG_WARN_INT_CONVERSION = YES;
				CLANG_WARN_NON_LITERAL_NULL_CONVERSION = YES;
				CLANG_WARN_OBJC_IMPLICIT_RETAIN_SELF = YES;
				CLANG_WARN_OBJC_LITERAL_CONVERSION = YES;
				CLANG_WARN_OBJC_ROOT_CLASS = YES_ERROR;
				CLANG_WARN_RANGE_LOOP_ANALYSIS = YES;
				CLANG_WARN_STRICT_PROTOTYPES = YES;
				CLANG_WARN_SUSPICIOUS_MOVE = YES;
				CLANG_WARN_UNGUARDED_AVAILABILITY = YES_AGGRESSIVE;
				CLANG_WARN_UNREACHABLE_CODE = YES;
				CLANG_WARN__DUPLICATE_METHOD_MATCH = YES;
				COPY_PHASE_STRIP = NO;
				DEBUG_INFORMATION_FORMAT = "dwarf-with-dsym";
				ENABLE_NS_ASSERTIONS = NO;
				ENABLE_STRICT_OBJC_MSGSEND = YES;
				GCC_C_LANGUAGE_STANDARD = gnu11;
				GCC_NO_COMMON_BLOCKS = YES;
				GCC_WARN_64_TO_32_BIT_CONVERSION = YES;
				GCC_WARN_ABOUT_RETURN_TYPE = YES_ERROR;
				GCC_WARN_UNDECLARED_SELECTOR = YES;
				GCC_WARN_UNINITIALIZED_AUTOS = YES_AGGRESSIVE;
				GCC_WARN_UNUSED_FUNCTION = YES;
				GCC_WARN_UNUSED_VARIABLE = YES;
				IPHONEOS_DEPLOYMENT_TARGET = 13.2;
				MTL_ENABLE_DEBUG_INFO = NO;
				MTL_FAST_MATH = YES;
				SDKROOT = iphoneos;
				SWIFT_COMPILATION_MODE = wholemodule;
				SWIFT_OPTIMIZATION_LEVEL = "-O";
				VALIDATE_PRODUCT = YES;
			};
			name = Release;
		};
		04A7F30D253A944C0028E12D /* Debug */ = {
			isa = XCBuildConfiguration;
			buildSettings = {
				ASSETCATALOG_COMPILER_APPICON_NAME = AppIcon;
				CODE_SIGN_STYLE = Automatic;
				INFOPLIST_FILE = PhotoCollectionMy/Info.plist;
				LD_RUNPATH_SEARCH_PATHS = (
					"$(inherited)",
					"@executable_path/Frameworks",
				);
				PRODUCT_BUNDLE_IDENTIFIER = com.app.PhotoCollectionMy;
				PRODUCT_NAME = "$(TARGET_NAME)";
				SWIFT_VERSION = 5.0;
				TARGETED_DEVICE_FAMILY = "1,2";
			};
			name = Debug;
		};
		04A7F30E253A944C0028E12D /* Release */ = {
			isa = XCBuildConfiguration;
			buildSettings = {
				ASSETCATALOG_COMPILER_APPICON_NAME = AppIcon;
				CODE_SIGN_STYLE = Automatic;
				INFOPLIST_FILE = PhotoCollectionMy/Info.plist;
				LD_RUNPATH_SEARCH_PATHS = (
					"$(inherited)",
					"@executable_path/Frameworks",
				);
				PRODUCT_BUNDLE_IDENTIFIER = com.app.PhotoCollectionMy;
				PRODUCT_NAME = "$(TARGET_NAME)";
				SWIFT_VERSION = 5.0;
				TARGETED_DEVICE_FAMILY = "1,2";
			};
			name = Release;
		};
		04A7F310253A944C0028E12D /* Debug */ = {
			isa = XCBuildConfiguration;
			buildSettings = {
				ALWAYS_EMBED_SWIFT_STANDARD_LIBRARIES = YES;
				BUNDLE_LOADER = "$(TEST_HOST)";
				CODE_SIGN_STYLE = Automatic;
				INFOPLIST_FILE = PhotoCollectionMyTests/Info.plist;
				IPHONEOS_DEPLOYMENT_TARGET = 13.2;
				LD_RUNPATH_SEARCH_PATHS = (
					"$(inherited)",
					"@executable_path/Frameworks",
					"@loader_path/Frameworks",
				);
				PRODUCT_BUNDLE_IDENTIFIER = com.app.PhotoCollectionMyTests;
				PRODUCT_NAME = "$(TARGET_NAME)";
				SWIFT_VERSION = 5.0;
				TARGETED_DEVICE_FAMILY = "1,2";
				TEST_HOST = "$(BUILT_PRODUCTS_DIR)/PhotoCollectionMy.app/PhotoCollectionMy";
			};
			name = Debug;
		};
		04A7F311253A944C0028E12D /* Release */ = {
			isa = XCBuildConfiguration;
			buildSettings = {
				ALWAYS_EMBED_SWIFT_STANDARD_LIBRARIES = YES;
				BUNDLE_LOADER = "$(TEST_HOST)";
				CODE_SIGN_STYLE = Automatic;
				INFOPLIST_FILE = PhotoCollectionMyTests/Info.plist;
				IPHONEOS_DEPLOYMENT_TARGET = 13.2;
				LD_RUNPATH_SEARCH_PATHS = (
					"$(inherited)",
					"@executable_path/Frameworks",
					"@loader_path/Frameworks",
				);
				PRODUCT_BUNDLE_IDENTIFIER = com.app.PhotoCollectionMyTests;
				PRODUCT_NAME = "$(TARGET_NAME)";
				SWIFT_VERSION = 5.0;
				TARGETED_DEVICE_FAMILY = "1,2";
				TEST_HOST = "$(BUILT_PRODUCTS_DIR)/PhotoCollectionMy.app/PhotoCollectionMy";
			};
			name = Release;
		};
		04A7F313253A944C0028E12D /* Debug */ = {
			isa = XCBuildConfiguration;
			buildSettings = {
				ALWAYS_EMBED_SWIFT_STANDARD_LIBRARIES = YES;
				CODE_SIGN_STYLE = Automatic;
				INFOPLIST_FILE = PhotoCollectionMyUITests/Info.plist;
				LD_RUNPATH_SEARCH_PATHS = (
					"$(inherited)",
					"@executable_path/Frameworks",
					"@loader_path/Frameworks",
				);
				PRODUCT_BUNDLE_IDENTIFIER = com.app.PhotoCollectionMyUITests;
				PRODUCT_NAME = "$(TARGET_NAME)";
				SWIFT_VERSION = 5.0;
				TARGETED_DEVICE_FAMILY = "1,2";
				TEST_TARGET_NAME = PhotoCollectionMy;
			};
			name = Debug;
		};
		04A7F314253A944C0028E12D /* Release */ = {
			isa = XCBuildConfiguration;
			buildSettings = {
				ALWAYS_EMBED_SWIFT_STANDARD_LIBRARIES = YES;
				CODE_SIGN_STYLE = Automatic;
				INFOPLIST_FILE = PhotoCollectionMyUITests/Info.plist;
				LD_RUNPATH_SEARCH_PATHS = (
					"$(inherited)",
					"@executable_path/Frameworks",
					"@loader_path/Frameworks",
				);
				PRODUCT_BUNDLE_IDENTIFIER = com.app.PhotoCollectionMyUITests;
				PRODUCT_NAME = "$(TARGET_NAME)";
				SWIFT_VERSION = 5.0;
				TARGETED_DEVICE_FAMILY = "1,2";
				TEST_TARGET_NAME = PhotoCollectionMy;
			};
			name = Release;
		};
/* End XCBuildConfiguration section */

/* Begin XCConfigurationList section */
		04A7F2DD253A94490028E12D /* Build configuration list for PBXProject "PhotoCollectionMy" */ = {
			isa = XCConfigurationList;
			buildConfigurations = (
				04A7F30A253A944C0028E12D /* Debug */,
				04A7F30B253A944C0028E12D /* Release */,
			);
			defaultConfigurationIsVisible = 0;
			defaultConfigurationName = Release;
		};
		04A7F30C253A944C0028E12D /* Build configuration list for PBXNativeTarget "PhotoCollectionMy" */ = {
			isa = XCConfigurationList;
			buildConfigurations = (
				04A7F30D253A944C0028E12D /* Debug */,
				04A7F30E253A944C0028E12D /* Release */,
			);
			defaultConfigurationIsVisible = 0;
			defaultConfigurationName = Release;
		};
		04A7F30F253A944C0028E12D /* Build configuration list for PBXNativeTarget "PhotoCollectionMyTests" */ = {
			isa = XCConfigurationList;
			buildConfigurations = (
				04A7F310253A944C0028E12D /* Debug */,
				04A7F311253A944C0028E12D /* Release */,
			);
			defaultConfigurationIsVisible = 0;
			defaultConfigurationName = Release;
		};
		04A7F312253A944C0028E12D /* Build configuration list for PBXNativeTarget "PhotoCollectionMyUITests" */ = {
			isa = XCConfigurationList;
			buildConfigurations = (
				04A7F313253A944C0028E12D /* Debug */,
				04A7F314253A944C0028E12D /* Release */,
			);
			defaultConfigurationIsVisible = 0;
			defaultConfigurationName = Release;
		};
/* End XCConfigurationList section */
	};
	rootObject = 04A7F2DA253A94490028E12D /* Project object */;
}
